{
  "name": "docs",
  "lockfileVersion": 3,
  "requires": true,
  "packages": {
    "../node_modules/vue": {
      "version": "3.5.11",
      "extraneous": true,
      "license": "MIT",
      "dependencies": {
        "@vue/compiler-dom": "3.5.11",
        "@vue/compiler-sfc": "3.5.11",
        "@vue/runtime-dom": "3.5.11",
        "@vue/server-renderer": "3.5.11",
        "@vue/shared": "3.5.11"
      },
      "peerDependencies": {
        "typescript": "*"
      },
      "peerDependenciesMeta": {
        "typescript": {
          "optional": true
        }
      }
    }
  }
}
